{
  "name": "bora-codar-01-music-player",
  "version": "1.0.0",
  "lockfileVersion": 1,
  "requires": true,
  "dependencies": {
    "@esbuild/android-arm": {
      "version": "0.16.17",
      "resolved": "https://registry.npmjs.org/@esbuild/android-arm/-/android-arm-0.16.17.tgz",
      "integrity": "sha512-N9x1CMXVhtWEAMS7pNNONyA14f71VPQN9Cnavj1XQh6T7bskqiLLrSca4O0Vr8Wdcga943eThxnVp3JLnBMYtw==",
      "dev": true,
      "optional": true
    },
    "@esbuild/android-arm64": {
      "version": "0.16.17",
      "resolved": "https://registry.npmjs.org/@esbuild/android-arm64/-/android-arm64-0.16.17.tgz",
      "integrity": "sha512-MIGl6p5sc3RDTLLkYL1MyL8BMRN4tLMRCn+yRJJmEDvYZ2M7tmAf80hx1kbNEUX2KJ50RRtxZ4JHLvCfuB6kBg==",
      "dev": true,
      "optional": true
    },
    "@esbuild/android-x64": {
      "version": "0.16.17",
      "resolved": "https://registry.npmjs.org/@esbuild/android-x64/-/android-x64-0.16.17.tgz",
      "integrity": "sha512-a3kTv3m0Ghh4z1DaFEuEDfz3OLONKuFvI4Xqczqx4BqLyuFaFkuaG4j2MtA6fuWEFeC5x9IvqnX7drmRq/fyAQ==",
      "dev": true,
      "optional": true
    },
    "@esbuild/darwin-arm64": {
      "version": "0.16.17",
      "resolved": "https://registry.npmjs.org/@esbuild/darwin-arm64/-/darwin-arm64-0.16.17.tgz",
      "integrity": "sha512-/2agbUEfmxWHi9ARTX6OQ/KgXnOWfsNlTeLcoV7HSuSTv63E4DqtAc+2XqGw1KHxKMHGZgbVCZge7HXWX9Vn+w==",
      "dev": true,
      "optional": true
    },
    "@esbuild/darwin-x64": {
      "version": "0.16.17",
      "resolved": "https://registry.npmjs.org/@esbuild/darwin-x64/-/darwin-x64-0.16.17.tgz",
      "integrity": "sha512-2By45OBHulkd9Svy5IOCZt376Aa2oOkiE9QWUK9fe6Tb+WDr8hXL3dpqi+DeLiMed8tVXspzsTAvd0jUl96wmg==",
      "dev": true,
      "optional": true
    },
    "@esbuild/freebsd-arm64": {
      "version": "0.16.17",
      "resolved": "https://registry.npmjs.org/@esbuild/freebsd-arm64/-/freebsd-arm64-0.16.17.tgz",
      "integrity": "sha512-mt+cxZe1tVx489VTb4mBAOo2aKSnJ33L9fr25JXpqQqzbUIw/yzIzi+NHwAXK2qYV1lEFp4OoVeThGjUbmWmdw==",
      "dev": true,
      "optional": true
    },
    "@esbuild/freebsd-x64": {
      "version": "0.16.17",
      "resolved": "https://registry.npmjs.org/@esbuild/freebsd-x64/-/freebsd-x64-0.16.17.tgz",
      "integrity": "sha512-8ScTdNJl5idAKjH8zGAsN7RuWcyHG3BAvMNpKOBaqqR7EbUhhVHOqXRdL7oZvz8WNHL2pr5+eIT5c65kA6NHug==",
      "dev": true,
      "optional": true
    },
    "@esbuild/linux-arm": {
      "version": "0.16.17",
      "resolved": "https://registry.npmjs.org/@esbuild/linux-arm/-/linux-arm-0.16.17.tgz",
      "integrity": "sha512-iihzrWbD4gIT7j3caMzKb/RsFFHCwqqbrbH9SqUSRrdXkXaygSZCZg1FybsZz57Ju7N/SHEgPyaR0LZ8Zbe9gQ==",
      "dev": true,
      "optional": true
    },
    "@esbuild/linux-arm64": {
      "version": "0.16.17",
      "resolved": "https://registry.npmjs.org/@esbuild/linux-arm64/-/linux-arm64-0.16.17.tgz",
      "integrity": "sha512-7S8gJnSlqKGVJunnMCrXHU9Q8Q/tQIxk/xL8BqAP64wchPCTzuM6W3Ra8cIa1HIflAvDnNOt2jaL17vaW+1V0g==",
      "dev": true,
      "optional": true
    },
    "@esbuild/linux-ia32": {
      "version": "0.16.17",
      "resolved": "https://registry.npmjs.org/@esbuild/linux-ia32/-/linux-ia32-0.16.17.tgz",
      "integrity": "sha512-kiX69+wcPAdgl3Lonh1VI7MBr16nktEvOfViszBSxygRQqSpzv7BffMKRPMFwzeJGPxcio0pdD3kYQGpqQ2SSg==",
      "dev": true,
      "optional": true
    },
    "@esbuild/linux-loong64": {
      "version": "0.16.17",
      "resolved": "https://registry.npmjs.org/@esbuild/linux-loong64/-/linux-loong64-0.16.17.tgz",
      "integrity": "sha512-dTzNnQwembNDhd654cA4QhbS9uDdXC3TKqMJjgOWsC0yNCbpzfWoXdZvp0mY7HU6nzk5E0zpRGGx3qoQg8T2DQ==",
      "dev": true,
      "optional": true
    },
    "@esbuild/linux-mips64el": {
      "version": "0.16.17",
      "resolved": "https://registry.npmjs.org/@esbuild/linux-mips64el/-/linux-mips64el-0.16.17.tgz",
      "integrity": "sha512-ezbDkp2nDl0PfIUn0CsQ30kxfcLTlcx4Foz2kYv8qdC6ia2oX5Q3E/8m6lq84Dj/6b0FrkgD582fJMIfHhJfSw==",
      "dev": true,
      "optional": true
    },
    "@esbuild/linux-ppc64": {
      "version": "0.16.17",
      "resolved": "https://registry.npmjs.org/@esbuild/linux-ppc64/-/linux-ppc64-0.16.17.tgz",
      "integrity": "sha512-dzS678gYD1lJsW73zrFhDApLVdM3cUF2MvAa1D8K8KtcSKdLBPP4zZSLy6LFZ0jYqQdQ29bjAHJDgz0rVbLB3g==",
      "dev": true,
      "optional": true
    },
    "@esbuild/linux-riscv64": {
      "version": "0.16.17",
      "resolved": "https://registry.npmjs.org/@esbuild/linux-riscv64/-/linux-riscv64-0.16.17.tgz",
      "integrity": "sha512-ylNlVsxuFjZK8DQtNUwiMskh6nT0vI7kYl/4fZgV1llP5d6+HIeL/vmmm3jpuoo8+NuXjQVZxmKuhDApK0/cKw==",
      "dev": true,
      "optional": true
    },
    "@esbuild/linux-s390x": {
      "version": "0.16.17",
      "resolved": "https://registry.npmjs.org/@esbuild/linux-s390x/-/linux-s390x-0.16.17.tgz",
      "integrity": "sha512-gzy7nUTO4UA4oZ2wAMXPNBGTzZFP7mss3aKR2hH+/4UUkCOyqmjXiKpzGrY2TlEUhbbejzXVKKGazYcQTZWA/w==",
      "dev": true,
      "optional": true
    },
    "@esbuild/linux-x64": {
      "version": "0.16.17",
      "resolved": "https://registry.npmjs.org/@esbuild/linux-x64/-/linux-x64-0.16.17.tgz",
      "integrity": "sha512-mdPjPxfnmoqhgpiEArqi4egmBAMYvaObgn4poorpUaqmvzzbvqbowRllQ+ZgzGVMGKaPkqUmPDOOFQRUFDmeUw==",
      "dev": true,
      "optional": true
    },
    "@esbuild/netbsd-x64": {
      "version": "0.16.17",
      "resolved": "https://registry.npmjs.org/@esbuild/netbsd-x64/-/netbsd-x64-0.16.17.tgz",
      "integrity": "sha512-/PzmzD/zyAeTUsduZa32bn0ORug+Jd1EGGAUJvqfeixoEISYpGnAezN6lnJoskauoai0Jrs+XSyvDhppCPoKOA==",
      "dev": true,
      "optional": true
    },
    "@esbuild/openbsd-x64": {
      "version": "0.16.17",
      "resolved": "https://registry.npmjs.org/@esbuild/openbsd-x64/-/openbsd-x64-0.16.17.tgz",
      "integrity": "sha512-2yaWJhvxGEz2RiftSk0UObqJa/b+rIAjnODJgv2GbGGpRwAfpgzyrg1WLK8rqA24mfZa9GvpjLcBBg8JHkoodg==",
      "dev": true,
      "optional": true
    },
    "@esbuild/sunos-x64": {
      "version": "0.16.17",
      "resolved": "https://registry.npmjs.org/@esbuild/sunos-x64/-/sunos-x64-0.16.17.tgz",
      "integrity": "sha512-xtVUiev38tN0R3g8VhRfN7Zl42YCJvyBhRKw1RJjwE1d2emWTVToPLNEQj/5Qxc6lVFATDiy6LjVHYhIPrLxzw==",
      "dev": true,
      "optional": true
    },
    "@esbuild/win32-arm64": {
      "version": "0.16.17",
      "resolved": "https://registry.npmjs.org/@esbuild/win32-arm64/-/win32-arm64-0.16.17.tgz",
      "integrity": "sha512-ga8+JqBDHY4b6fQAmOgtJJue36scANy4l/rL97W+0wYmijhxKetzZdKOJI7olaBaMhWt8Pac2McJdZLxXWUEQw==",
      "dev": true,
      "optional": true
    },
    "@esbuild/win32-ia32": {
      "version": "0.16.17",
      "resolved": "https://registry.npmjs.org/@esbuild/win32-ia32/-/win32-ia32-0.16.17.tgz",
      "integrity": "sha512-WnsKaf46uSSF/sZhwnqE4L/F89AYNMiD4YtEcYekBt9Q7nj0DiId2XH2Ng2PHM54qi5oPrQ8luuzGszqi/veig==",
      "dev": true,
      "optional": true
    },
    "@esbuild/win32-x64": {
      "version": "0.16.17",
      "resolved": "https://registry.npmjs.org/@esbuild/win32-x64/-/win32-x64-0.16.17.tgz",
      "integrity": "sha512-y+EHuSchhL7FjHgvQL/0fnnFmO4T1bhvWANX6gcnqTjtnKWbTvUMCpGnv2+t+31d7RzyEAYAd4u2fnIhHL6N/Q==",
      "dev": true,
      "optional": true
    },
    "@octokit/auth-token": {
      "version": "3.0.2",
      "resolved": "https://registry.npmjs.org/@octokit/auth-token/-/auth-token-3.0.2.tgz",
      "integrity": "sha512-pq7CwIMV1kmzkFTimdwjAINCXKTajZErLB4wMLYapR2nuB/Jpr66+05wOTZMSCBXP6n4DdDWT2W19Bm17vU69Q==",
      "dev": true,
      "requires": {
        "@octokit/types": "^8.0.0"
      }
    },
    "@octokit/core": {
      "version": "4.1.0",
      "resolved": "https://registry.npmjs.org/@octokit/core/-/core-4.1.0.tgz",
      "integrity": "sha512-Czz/59VefU+kKDy+ZfDwtOIYIkFjExOKf+HA92aiTZJ6EfWpFzYQWw0l54ji8bVmyhc+mGaLUbSUmXazG7z5OQ==",
      "dev": true,
      "requires": {
        "@octokit/auth-token": "^3.0.0",
        "@octokit/graphql": "^5.0.0",
        "@octokit/request": "^6.0.0",
        "@octokit/request-error": "^3.0.0",
        "@octokit/types": "^8.0.0",
        "before-after-hook": "^2.2.0",
        "universal-user-agent": "^6.0.0"
      }
    },
    "@octokit/endpoint": {
      "version": "7.0.3",
      "resolved": "https://registry.npmjs.org/@octokit/endpoint/-/endpoint-7.0.3.tgz",
      "integrity": "sha512-57gRlb28bwTsdNXq+O3JTQ7ERmBTuik9+LelgcLIVfYwf235VHbN9QNo4kXExtp/h8T423cR5iJThKtFYxC7Lw==",
      "dev": true,
      "requires": {
        "@octokit/types": "^8.0.0",
        "is-plain-object": "^5.0.0",
        "universal-user-agent": "^6.0.0"
      }
    },
    "@octokit/graphql": {
      "version": "5.0.4",
      "resolved": "https://registry.npmjs.org/@octokit/graphql/-/graphql-5.0.4.tgz",
      "integrity": "sha512-amO1M5QUQgYQo09aStR/XO7KAl13xpigcy/kI8/N1PnZYSS69fgte+xA4+c2DISKqUZfsh0wwjc2FaCt99L41A==",
      "dev": true,
      "requires": {
        "@octokit/request": "^6.0.0",
        "@octokit/types": "^8.0.0",
        "universal-user-agent": "^6.0.0"
      }
    },
    "@octokit/openapi-types": {
      "version": "14.0.0",
      "resolved": "https://registry.npmjs.org/@octokit/openapi-types/-/openapi-types-14.0.0.tgz",
      "integrity": "sha512-HNWisMYlR8VCnNurDU6os2ikx0s0VyEjDYHNS/h4cgb8DeOxQ0n72HyinUtdDVxJhFy3FWLGl0DJhfEWk3P5Iw==",
      "dev": true
    },
    "@octokit/plugin-paginate-rest": {
      "version": "5.0.1",
      "resolved": "https://registry.npmjs.org/@octokit/plugin-paginate-rest/-/plugin-paginate-rest-5.0.1.tgz",
      "integrity": "sha512-7A+rEkS70pH36Z6JivSlR7Zqepz3KVucEFVDnSrgHXzG7WLAzYwcHZbKdfTXHwuTHbkT1vKvz7dHl1+HNf6Qyw==",
      "dev": true,
      "requires": {
        "@octokit/types": "^8.0.0"
      }
    },
    "@octokit/plugin-request-log": {
      "version": "1.0.4",
      "resolved": "https://registry.npmjs.org/@octokit/plugin-request-log/-/plugin-request-log-1.0.4.tgz",
      "integrity": "sha512-mLUsMkgP7K/cnFEw07kWqXGF5LKrOkD+lhCrKvPHXWDywAwuDUeDwWBpc69XK3pNX0uKiVt8g5z96PJ6z9xCFA==",
      "dev": true
    },
    "@octokit/plugin-rest-endpoint-methods": {
      "version": "6.7.0",
      "resolved": "https://registry.npmjs.org/@octokit/plugin-rest-endpoint-methods/-/plugin-rest-endpoint-methods-6.7.0.tgz",
      "integrity": "sha512-orxQ0fAHA7IpYhG2flD2AygztPlGYNAdlzYz8yrD8NDgelPfOYoRPROfEyIe035PlxvbYrgkfUZIhSBKju/Cvw==",
      "dev": true,
      "requires": {
        "@octokit/types": "^8.0.0",
        "deprecation": "^2.3.1"
      }
    },
    "@octokit/request": {
      "version": "6.2.2",
      "resolved": "https://registry.npmjs.org/@octokit/request/-/request-6.2.2.tgz",
      "integrity": "sha512-6VDqgj0HMc2FUX2awIs+sM6OwLgwHvAi4KCK3mT2H2IKRt6oH9d0fej5LluF5mck1lRR/rFWN0YIDSYXYSylbw==",
      "dev": true,
      "requires": {
        "@octokit/endpoint": "^7.0.0",
        "@octokit/request-error": "^3.0.0",
        "@octokit/types": "^8.0.0",
        "is-plain-object": "^5.0.0",
        "node-fetch": "^2.6.7",
        "universal-user-agent": "^6.0.0"
      }
    },
    "@octokit/request-error": {
      "version": "3.0.2",
      "resolved": "https://registry.npmjs.org/@octokit/request-error/-/request-error-3.0.2.tgz",
      "integrity": "sha512-WMNOFYrSaX8zXWoJg9u/pKgWPo94JXilMLb2VManNOby9EZxrQaBe/QSC4a1TzpAlpxofg2X/jMnCyZgL6y7eg==",
      "dev": true,
      "requires": {
        "@octokit/types": "^8.0.0",
        "deprecation": "^2.0.0",
        "once": "^1.4.0"
      }
    },
    "@octokit/rest": {
      "version": "19.0.5",
      "resolved": "https://registry.npmjs.org/@octokit/rest/-/rest-19.0.5.tgz",
      "integrity": "sha512-+4qdrUFq2lk7Va+Qff3ofREQWGBeoTKNqlJO+FGjFP35ZahP+nBenhZiGdu8USSgmq4Ky3IJ/i4u0xbLqHaeow==",
      "dev": true,
      "requires": {
        "@octokit/core": "^4.1.0",
        "@octokit/plugin-paginate-rest": "^5.0.0",
        "@octokit/plugin-request-log": "^1.0.4",
        "@octokit/plugin-rest-endpoint-methods": "^6.7.0"
      }
    },
    "@octokit/types": {
      "version": "8.1.0",
      "resolved": "https://registry.npmjs.org/@octokit/types/-/types-8.1.0.tgz",
      "integrity": "sha512-N4nLjzkiWBqVQqljTTsCrbvHGoWdWfcCeZjbHdggw7a9HbJMnxbK8A+UWdqwR4out30JarlSa3eqKyVK0n5aBg==",
      "dev": true,
      "requires": {
        "@octokit/openapi-types": "^14.0.0"
      }
    },
    "asynckit": {
      "version": "0.4.0",
      "resolved": "https://registry.npmjs.org/asynckit/-/asynckit-0.4.0.tgz",
      "integrity": "sha512-Oei9OH4tRh0YqU3GxhX79dM/mwVgvbZJaSNaRk+bshkj0S5cfHcgYakreBjrHwatXKbz+IoIdYLxrKim2MjW0Q==",
      "dev": true
    },
    "axios": {
      "version": "1.2.2",
      "resolved": "https://registry.npmjs.org/axios/-/axios-1.2.2.tgz",
      "integrity": "sha512-bz/J4gS2S3I7mpN/YZfGFTqhXTYzRho8Ay38w2otuuDR322KzFIWm/4W2K6gIwvWaws5n+mnb7D1lN9uD+QH6Q==",
      "dev": true,
      "requires": {
        "follow-redirects": "^1.15.0",
        "form-data": "^4.0.0",
        "proxy-from-env": "^1.1.0"
      }
    },
    "before-after-hook": {
      "version": "2.2.3",
      "resolved": "https://registry.npmjs.org/before-after-hook/-/before-after-hook-2.2.3.tgz",
      "integrity": "sha512-NzUnlZexiaH/46WDhANlyR2bXRopNg4F/zuSA3OpZnllCUgRaOF2znDioDWrmbNVsuZk6l9pMquQB38cfBZwkQ==",
      "dev": true
    },
    "combined-stream": {
      "version": "1.0.8",
      "resolved": "https://registry.npmjs.org/combined-stream/-/combined-stream-1.0.8.tgz",
      "integrity": "sha512-FQN4MRfuJeHf7cBbBMJFXhKSDq+2kAArBlmRBvcvFE5BB1HZKXtSFASDhdlz9zOYwxh8lDdnvmMOe/+5cdoEdg==",
      "dev": true,
      "requires": {
        "delayed-stream": "~1.0.0"
      }
    },
    "debug": {
      "version": "4.3.4",
      "resolved": "https://registry.npmjs.org/debug/-/debug-4.3.4.tgz",
      "integrity": "sha512-PRWFHuSU3eDtQJPvnNY7Jcket1j0t5OuOsFzPPzsekD52Zl8qUfFIPEiswXqIvHWGVHOgX+7G/vCNNhehwxfkQ==",
      "dev": true,
      "requires": {
        "ms": "2.1.2"
      }
    },
    "delayed-stream": {
      "version": "1.0.0",
      "resolved": "https://registry.npmjs.org/delayed-stream/-/delayed-stream-1.0.0.tgz",
      "integrity": "sha512-ZySD7Nf91aLB0RxL4KGrKHBXl7Eds1DAmEdcoVawXnLD7SDhpNgtuII2aAkg7a7QS41jxPSZ17p4VdGnMHk3MQ==",
      "dev": true
    },
    "deprecation": {
      "version": "2.3.1",
      "resolved": "https://registry.npmjs.org/deprecation/-/deprecation-2.3.1.tgz",
      "integrity": "sha512-xmHIy4F3scKVwMsQ4WnVaS8bHOx0DmVwRywosKhaILI0ywMDWPtBSku2HNxRvF7jtwDRsoEwYQSfbxj8b7RlJQ==",
      "dev": true
    },
    "esbuild": {
      "version": "0.16.17",
      "resolved": "https://registry.npmjs.org/esbuild/-/esbuild-0.16.17.tgz",
      "integrity": "sha512-G8LEkV0XzDMNwXKgM0Jwu3nY3lSTwSGY6XbxM9cr9+s0T/qSV1q1JVPBGzm3dcjhCic9+emZDmMffkwgPeOeLg==",
      "dev": true,
      "requires": {
        "@esbuild/android-arm": "0.16.17",
        "@esbuild/android-arm64": "0.16.17",
        "@esbuild/android-x64": "0.16.17",
        "@esbuild/darwin-arm64": "0.16.17",
        "@esbuild/darwin-x64": "0.16.17",
        "@esbuild/freebsd-arm64": "0.16.17",
        "@esbuild/freebsd-x64": "0.16.17",
        "@esbuild/linux-arm": "0.16.17",
        "@esbuild/linux-arm64": "0.16.17",
        "@esbuild/linux-ia32": "0.16.17",
        "@esbuild/linux-loong64": "0.16.17",
        "@esbuild/linux-mips64el": "0.16.17",
        "@esbuild/linux-ppc64": "0.16.17",
        "@esbuild/linux-riscv64": "0.16.17",
        "@esbuild/linux-s390x": "0.16.17",
        "@esbuild/linux-x64": "0.16.17",
        "@esbuild/netbsd-x64": "0.16.17",
        "@esbuild/openbsd-x64": "0.16.17",
        "@esbuild/sunos-x64": "0.16.17",
        "@esbuild/win32-arm64": "0.16.17",
        "@esbuild/win32-ia32": "0.16.17",
        "@esbuild/win32-x64": "0.16.17"
      }
    },
    "follow-redirects": {
      "version": "1.15.2",
      "resolved": "https://registry.npmjs.org/follow-redirects/-/follow-redirects-1.15.2.tgz",
      "integrity": "sha512-VQLG33o04KaQ8uYi2tVNbdrWp1QWxNNea+nmIB4EVM28v0hmP17z7aG1+wAkNzVq4KeXTq3221ye5qTJP91JwA==",
      "dev": true
    },
    "form-data": {
      "version": "4.0.0",
      "resolved": "https://registry.npmjs.org/form-data/-/form-data-4.0.0.tgz",
      "integrity": "sha512-ETEklSGi5t0QMZuiXoA/Q6vcnxcLQP5vdugSpuAyi6SVGi2clPPp+xgEhuMaHC+zGgn31Kd235W35f7Hykkaww==",
      "dev": true,
      "requires": {
        "asynckit": "^0.4.0",
        "combined-stream": "^1.0.8",
        "mime-types": "^2.1.12"
      }
    },
    "fsevents": {
      "version": "2.3.2",
      "resolved": "https://registry.npmjs.org/fsevents/-/fsevents-2.3.2.tgz",
      "integrity": "sha512-xiqMQR4xAeHTuB9uWm+fFRcIOgKBMiOBP+eXiyT7jsgVCq1bkVygt00oASowB7EdtpOHaaPgKt812P9ab+DDKA==",
      "dev": true,
      "optional": true
    },
    "function-bind": {
      "version": "1.1.1",
      "resolved": "https://registry.npmjs.org/function-bind/-/function-bind-1.1.1.tgz",
      "integrity": "sha512-yIovAzMX49sF8Yl58fSCWJ5svSLuaibPxXQJFLmBObTuCr0Mf1KiPopGM9NiFjiYBCbfaa2Fh6breQ6ANVTI0A==",
      "dev": true
    },
    "has": {
      "version": "1.0.3",
      "resolved": "https://registry.npmjs.org/has/-/has-1.0.3.tgz",
      "integrity": "sha512-f2dvO0VU6Oej7RkWJGrehjbzMAjFp5/VKPp5tTpWIV4JHHZK1/BxbFRtf/siA2SWTe09caDmVtYYzWEIbBS4zw==",
      "dev": true,
      "requires": {
        "function-bind": "^1.1.1"
      }
    },
    "is-core-module": {
      "version": "2.11.0",
      "resolved": "https://registry.npmjs.org/is-core-module/-/is-core-module-2.11.0.tgz",
      "integrity": "sha512-RRjxlvLDkD1YJwDbroBHMb+cukurkDWNyHx7D3oNB5x9rb5ogcksMC5wHCadcXoo67gVr/+3GFySh3134zi6rw==",
      "dev": true,
      "requires": {
        "has": "^1.0.3"
      }
    },
    "is-plain-object": {
      "version": "5.0.0",
      "resolved": "https://registry.npmjs.org/is-plain-object/-/is-plain-object-5.0.0.tgz",
      "integrity": "sha512-VRSzKkbMm5jMDoKLbltAkFQ5Qr7VDiTFGXxYFXXowVj387GeGNOCsOH6Msy00SGZ3Fp84b1Naa1psqgcCIEP5Q==",
      "dev": true
    },
    "mime-db": {
      "version": "1.52.0",
      "resolved": "https://registry.npmjs.org/mime-db/-/mime-db-1.52.0.tgz",
      "integrity": "sha512-sPU4uV7dYlvtWJxwwxHD0PuihVNiE7TyAbQ5SWxDCB9mUYvOgroQOwYQQOKPJ8CIbE+1ETVlOoK1UC2nU3gYvg==",
      "dev": true
    },
    "mime-types": {
      "version": "2.1.35",
      "resolved": "https://registry.npmjs.org/mime-types/-/mime-types-2.1.35.tgz",
      "integrity": "sha512-ZDY+bPm5zTTF+YpCrAU9nK0UgICYPT0QtT1NZWFv4s++TNkcgVaT0g6+4R2uI4MjQjzysHB1zxuWL50hzaeXiw==",
      "dev": true,
      "requires": {
        "mime-db": "1.52.0"
      }
    },
    "ms": {
      "version": "2.1.2",
      "resolved": "https://registry.npmjs.org/ms/-/ms-2.1.2.tgz",
      "integrity": "sha512-sGkPx+VjMtmA6MX27oA4FBFELFCZZ4S4XqeGOXCv68tT+jb3vk/RyaKWP0PTKyWtmLSM0b+adUTEvbs1PEaH2w==",
      "dev": true
    },
    "nanoid": {
      "version": "3.3.4",
      "resolved": "https://registry.npmjs.org/nanoid/-/nanoid-3.3.4.tgz",
      "integrity": "sha512-MqBkQh/OHTS2egovRtLk45wEyNXwF+cokD+1YPf9u5VfJiRdAiRwB2froX5Co9Rh20xs4siNPm8naNotSD6RBw==",
      "dev": true
    },
    "node-fetch": {
      "version": "2.6.8",
      "resolved": "https://registry.npmjs.org/node-fetch/-/node-fetch-2.6.8.tgz",
      "integrity": "sha512-RZ6dBYuj8dRSfxpUSu+NsdF1dpPpluJxwOp+6IoDp/sH2QNDSvurYsAa+F1WxY2RjA1iP93xhcsUoYbF2XBqVg==",
      "dev": true,
      "requires": {
        "whatwg-url": "^5.0.0"
      }
    },
    "once": {
      "version": "1.4.0",
      "resolved": "https://registry.npmjs.org/once/-/once-1.4.0.tgz",
      "integrity": "sha512-lNaJgI+2Q5URQBkccEKHTQOPaXdUxnZZElQTZY0MFUAuaEqe1E+Nyvgdz/aIyNi6Z9MzO5dv1H8n58/GELp3+w==",
      "dev": true,
      "requires": {
        "wrappy": "1"
      }
    },
    "path-parse": {
      "version": "1.0.7",
      "resolved": "https://registry.npmjs.org/path-parse/-/path-parse-1.0.7.tgz",
      "integrity": "sha512-LDJzPVEEEPR+y48z93A0Ed0yXb8pAByGWo/k5YYdYgpY2/2EsOsksJrq7lOHxryrVOn1ejG6oAp8ahvOIQD8sw==",
      "dev": true
    },
    "picocolors": {
      "version": "1.0.0",
      "resolved": "https://registry.npmjs.org/picocolors/-/picocolors-1.0.0.tgz",
      "integrity": "sha512-1fygroTLlHu66zi26VoTDv8yRgm0Fccecssto+MhsZ0D/DGW2sm8E8AjW7NU5VVTRt5GxbeZ5qBuJr+HyLYkjQ==",
      "dev": true
    },
    "postcss": {
      "version": "8.4.21",
      "resolved": "https://registry.npmjs.org/postcss/-/postcss-8.4.21.tgz",
      "integrity": "sha512-tP7u/Sn/dVxK2NnruI4H9BG+x+Wxz6oeZ1cJ8P6G/PZY0IKk4k/63TDsQf2kQq3+qoJeLm2kIBUNlZe3zgb4Zg==",
      "dev": true,
      "requires": {
        "nanoid": "^3.3.4",
        "picocolors": "^1.0.0",
        "source-map-js": "^1.0.2"
      }
    },
    "proxy-from-env": {
      "version": "1.1.0",
      "resolved": "https://registry.npmjs.org/proxy-from-env/-/proxy-from-env-1.1.0.tgz",
      "integrity": "sha512-D+zkORCbA9f1tdWRK0RaCR3GPv50cMxcrz4X8k5LTSUD1Dkw47mKJEZQNunItRTkWwgtaUSo1RVFRIG9ZXiFYg==",
      "dev": true
    },
    "resolve": {
      "version": "1.22.1",
      "resolved": "https://registry.npmjs.org/resolve/-/resolve-1.22.1.tgz",
      "integrity": "sha512-nBpuuYuY5jFsli/JIs1oldw6fOQCBioohqWZg/2hiaOybXOft4lonv85uDOKXdf8rhyK159cxU5cDcK/NKk8zw==",
      "dev": true,
      "requires": {
        "is-core-module": "^2.9.0",
        "path-parse": "^1.0.7",
        "supports-preserve-symlinks-flag": "^1.0.0"
      }
    },
    "rollup": {
      "version": "3.10.0",
      "resolved": "https://registry.npmjs.org/rollup/-/rollup-3.10.0.tgz",
      "integrity": "sha512-JmRYz44NjC1MjVF2VKxc0M1a97vn+cDxeqWmnwyAF4FvpjK8YFdHpaqvQB+3IxCvX05vJxKZkoMDU8TShhmJVA==",
      "dev": true,
      "requires": {
        "fsevents": "~2.3.2"
      }
    },
    "source-map-js": {
      "version": "1.0.2",
      "resolved": "https://registry.npmjs.org/source-map-js/-/source-map-js-1.0.2.tgz",
      "integrity": "sha512-R0XvVJ9WusLiqTCEiGCmICCMplcCkIwwR11mOSD9CR5u+IXYdiseeEuXCVAjS54zqwkLcPNnmU4OeJ6tUrWhDw==",
      "dev": true
    },
    "supports-preserve-symlinks-flag": {
      "version": "1.0.0",
      "resolved": "https://registry.npmjs.org/supports-preserve-symlinks-flag/-/supports-preserve-symlinks-flag-1.0.0.tgz",
      "integrity": "sha512-ot0WnXS9fgdkgIcePe6RHNk1WA8+muPa6cSjeR3V8K27q9BB1rTE3R1p7Hv0z1ZyAc8s6Vvv8DIyWf681MAt0w==",
      "dev": true
    },
    "tr46": {
      "version": "0.0.3",
      "resolved": "https://registry.npmjs.org/tr46/-/tr46-0.0.3.tgz",
      "integrity": "sha512-N3WMsuqV66lT30CrXNbEjx4GEwlow3v6rr4mCcv6prnfwhS01rkgyFdjPNBYd9br7LpXV1+Emh01fHnq2Gdgrw==",
      "dev": true
    },
    "universal-user-agent": {
      "version": "6.0.0",
      "resolved": "https://registry.npmjs.org/universal-user-agent/-/universal-user-agent-6.0.0.tgz",
      "integrity": "sha512-isyNax3wXoKaulPDZWHQqbmIx1k2tb9fb3GGDBRxCscfYV2Ch7WxPArBsFEG8s/safwXTT7H4QGhaIkTp9447w==",
      "dev": true
    },
    "vite": {
      "version": "4.0.4",
      "resolved": "https://registry.npmjs.org/vite/-/vite-4.0.4.tgz",
      "integrity": "sha512-xevPU7M8FU0i/80DMR+YhgrzR5KS2ORy1B4xcX/cXLsvnUWvfHuqMmVU6N0YiJ4JWGRJJsLCgjEzKjG9/GKoSw==",
      "dev": true,
      "requires": {
        "esbuild": "^0.16.3",
        "fsevents": "~2.3.2",
        "postcss": "^8.4.20",
        "resolve": "^1.22.1",
        "rollup": "^3.7.0"
      }
    },
    "vite-plugin-mkcert": {
      "version": "1.11.0",
      "resolved": "https://registry.npmjs.org/vite-plugin-mkcert/-/vite-plugin-mkcert-1.11.0.tgz",
      "integrity": "sha512-eSOZL09et4iu23pU5QtOWRCbPQATlqmJmEX34I7QkoEVJ6I34B/2csleD7pZsZgziYGaQgLUAkzaxLhyjz4sAA==",
      "dev": true,
      "requires": {
        "@octokit/rest": "^19.0.5",
        "axios": "^1.2.2",
        "debug": "^4.3.4",
        "picocolors": "^1.0.0"
      }
    },
    "webidl-conversions": {
      "version": "3.0.1",
      "resolved": "https://registry.npmjs.org/webidl-conversions/-/webidl-conversions-3.0.1.tgz",
      "integrity": "sha512-2JAn3z8AR6rjK8Sm8orRC0h/bcl/DqL7tRPdGZ4I1CjdF+EaMLmYxBHyXuKL849eucPFhvBoxMsflfOb8kxaeQ==",
      "dev": true
    },
    "whatwg-url": {
      "version": "5.0.0",
      "resolved": "https://registry.npmjs.org/whatwg-url/-/whatwg-url-5.0.0.tgz",
      "integrity": "sha512-saE57nupxk6v3HY35+jzBwYa0rKSy0XR8JSxZPwgLr7ys0IBzhGviA1/TUGJLmSVqs8pb9AnvICXEuOHLprYTw==",
      "dev": true,
      "requires": {
        "tr46": "~0.0.3",
        "webidl-conversions": "^3.0.0"
      }
    },
    "wrappy": {
      "version": "1.0.2",
      "resolved": "https://registry.npmjs.org/wrappy/-/wrappy-1.0.2.tgz",
      "integrity": "sha512-l4Sp/DRseor9wL6EvV2+TuQn63dMkPjZ/sp9XkghTEbV9KlPS1xUsZ3u7/IQO4wxtcFB4bgpQPRcR3QCvezPcQ==",
      "dev": true
    }
  }
}
